
Microsoft Visual Studio Solution File, Format Version 12.00
# Visual Studio Version 16
VisualStudioVersion = 16.0.32802.440
MinimumVisualStudioVersion = 10.0.40219.1
Project("{FAE04EC0-301F-11D3-BF4B-00C04F79EFBC}") = "Book Store", "Book Store\Book Store.csproj", "{E3F8E025-7B24-4573-98F8-5ADDE8F354CC}"
EndProject
Global
	GlobalSection(SolutionConfigurationPlatforms) = preSolution
		Debug|Any CPU = Debug|Any CPU
		Release|Any CPU = Release|Any CPU
	EndGlobalSection
	GlobalSection(ProjectConfigurationPlatforms) = postSolution
		{E3F8E025-7B24-4573-98F8-5ADDE8F354CC}.Debug|Any CPU.ActiveCfg = Debug|Any CPU
		{E3F8E025-7B24-4573-98F8-5ADDE8F354CC}.Debug|Any CPU.Build.0 = Debug|Any CPU
		{E3F8E025-7B24-4573-98F8-5ADDE8F354CC}.Release|Any CPU.ActiveCfg = Release|Any CPU
		{E3F8E025-7B24-4573-98F8-5ADDE8F354CC}.Release|Any CPU.Build.0 = Release|Any CPU
	EndGlobalSection
	GlobalSection(SolutionProperties) = preSolution
		HideSolutionNode = FALSE
	EndGlobalSection
	GlobalSection(ExtensibilityGlobals) = postSolution
		SolutionGuid = {7E9FBC12-A5CF-4CE4-AA79-24BD38234024}
	EndGlobalSection
EndGlobal
